
Microsoft Visual Studio Solution File, Format Version 12.00
# Visual Studio Version 16
VisualStudioVersion = 16.0.29424.173
MinimumVisualStudioVersion = 10.0.40219.1
Project("{9A19103F-16F7-4668-BE54-9A1E7A4F7556}") = "ANGULARRRR", "Clean_Angular\ANGULARRRR.csproj", "{671F84A6-16D2-4090-81AA-8F73CF191574}"
EndProject
Project("{FAE04EC0-301F-11D3-BF4B-00C04F79EFBC}") = "Core", "Core\Core.csproj", "{69B967D5-C952-4B1A-9C67-3EBF955E89A5}"
EndProject
Project("{FAE04EC0-301F-11D3-BF4B-00C04F79EFBC}") = "Infrastructure", "Infrastructure\Infrastructure.csproj", "{A49E9883-5ACC-4D38-8BDC-6B554ADB7AF2}"
EndProject
Global
	GlobalSection(SolutionConfigurationPlatforms) = preSolution
		Debug|Any CPU = Debug|Any CPU
		Release|Any CPU = Release|Any CPU
	EndGlobalSection
	GlobalSection(ProjectConfigurationPlatforms) = postSolution
		{671F84A6-16D2-4090-81AA-8F73CF191574}.Debug|Any CPU.ActiveCfg = Debug|Any CPU
		{671F84A6-16D2-4090-81AA-8F73CF191574}.Debug|Any CPU.Build.0 = Debug|Any CPU
		{671F84A6-16D2-4090-81AA-8F73CF191574}.Release|Any CPU.ActiveCfg = Release|Any CPU
		{671F84A6-16D2-4090-81AA-8F73CF191574}.Release|Any CPU.Build.0 = Release|Any CPU
		{69B967D5-C952-4B1A-9C67-3EBF955E89A5}.Debug|Any CPU.ActiveCfg = Debug|Any CPU
		{69B967D5-C952-4B1A-9C67-3EBF955E89A5}.Debug|Any CPU.Build.0 = Debug|Any CPU
		{69B967D5-C952-4B1A-9C67-3EBF955E89A5}.Release|Any CPU.ActiveCfg = Release|Any CPU
		{69B967D5-C952-4B1A-9C67-3EBF955E89A5}.Release|Any CPU.Build.0 = Release|Any CPU
		{A49E9883-5ACC-4D38-8BDC-6B554ADB7AF2}.Debug|Any CPU.ActiveCfg = Debug|Any CPU
		{A49E9883-5ACC-4D38-8BDC-6B554ADB7AF2}.Debug|Any CPU.Build.0 = Debug|Any CPU
		{A49E9883-5ACC-4D38-8BDC-6B554ADB7AF2}.Release|Any CPU.ActiveCfg = Release|Any CPU
		{A49E9883-5ACC-4D38-8BDC-6B554ADB7AF2}.Release|Any CPU.Build.0 = Release|Any CPU
	EndGlobalSection
	GlobalSection(SolutionProperties) = preSolution
		HideSolutionNode = FALSE
	EndGlobalSection
	GlobalSection(ExtensibilityGlobals) = postSolution
		SolutionGuid = {60AFB0A5-2DDF-465E-A630-69C76C19621A}
	EndGlobalSection
EndGlobal
